
Microsoft Visual Studio Solution File, Format Version 12.00
# Visual Studio Version 17
VisualStudioVersion = 17.6.33829.357
MinimumVisualStudioVersion = 10.0.40219.1
Project("{9A19103F-16F7-4668-BE54-9A1E7A4F7556}") = "PasswordGen", "PasswordGen.csproj", "{8C317B82-F07A-44CE-91A5-FB47D0393136}"
EndProject
Project("{9A19103F-16F7-4668-BE54-9A1E7A4F7556}") = "Test", "..\Test\Test.csproj", "{D8EEF20E-CA8E-4D01-BE26-44192575041F}"
EndProject
Project("{9A19103F-16F7-4668-BE54-9A1E7A4F7556}") = "WinForms", "..\WinForms\WinForms.csproj", "{9DD29ABE-5F17-4532-950C-BD67E89D3BC5}"
EndProject
Global
	GlobalSection(SolutionConfigurationPlatforms) = preSolution
		Debug|Any CPU = Debug|Any CPU
		Release|Any CPU = Release|Any CPU
	EndGlobalSection
	GlobalSection(ProjectConfigurationPlatforms) = postSolution
		{8C317B82-F07A-44CE-91A5-FB47D0393136}.Debug|Any CPU.ActiveCfg = Debug|Any CPU
		{8C317B82-F07A-44CE-91A5-FB47D0393136}.Debug|Any CPU.Build.0 = Debug|Any CPU
		{8C317B82-F07A-44CE-91A5-FB47D0393136}.Release|Any CPU.ActiveCfg = Release|Any CPU
		{8C317B82-F07A-44CE-91A5-FB47D0393136}.Release|Any CPU.Build.0 = Release|Any CPU
		{D8EEF20E-CA8E-4D01-BE26-44192575041F}.Debug|Any CPU.ActiveCfg = Debug|Any CPU
		{D8EEF20E-CA8E-4D01-BE26-44192575041F}.Debug|Any CPU.Build.0 = Debug|Any CPU
		{D8EEF20E-CA8E-4D01-BE26-44192575041F}.Release|Any CPU.ActiveCfg = Release|Any CPU
		{D8EEF20E-CA8E-4D01-BE26-44192575041F}.Release|Any CPU.Build.0 = Release|Any CPU
		{9DD29ABE-5F17-4532-950C-BD67E89D3BC5}.Debug|Any CPU.ActiveCfg = Debug|Any CPU
		{9DD29ABE-5F17-4532-950C-BD67E89D3BC5}.Debug|Any CPU.Build.0 = Debug|Any CPU
		{9DD29ABE-5F17-4532-950C-BD67E89D3BC5}.Release|Any CPU.ActiveCfg = Release|Any CPU
		{9DD29ABE-5F17-4532-950C-BD67E89D3BC5}.Release|Any CPU.Build.0 = Release|Any CPU
	EndGlobalSection
	GlobalSection(SolutionProperties) = preSolution
		HideSolutionNode = FALSE
	EndGlobalSection
	GlobalSection(ExtensibilityGlobals) = postSolution
		SolutionGuid = {67858580-00A7-4406-9076-D200E118FF15}
	EndGlobalSection
EndGlobal
